// !$*UTF8*$!
{
	archiveVersion = 1;
	classes = {
	};
	objectVersion = 46;
	objects = {

/* Begin PBXBuildFile section */
		56321F9E1E6E578B0054A7D1 /* SvnModel.m in Sources */ = {isa = PBXBuildFile; fileRef = 56321F9D1E6E578B0054A7D1 /* SvnModel.m */; };
		56B883611E69647600324C64 /* SvnManager.m in Sources */ = {isa = PBXBuildFile; fileRef = 56B883601E69647600324C64 /* SvnManager.m */; };
		6EA53F421E69773B001A5780 /* config.plist in Resources */ = {isa = PBXBuildFile; fileRef = 6EA53F411E69773B001A5780 /* config.plist */; };
		6EB447131E694D3D0069336F /* AppDelegate.m in Sources */ = {isa = PBXBuildFile; fileRef = 6EB447121E694D3D0069336F /* AppDelegate.m */; };
		6EB447161E694D3D0069336F /* main.m in Sources */ = {isa = PBXBuildFile; fileRef = 6EB447151E694D3D0069336F /* main.m */; };
		6EB447191E694D3D0069336F /* ViewController.m in Sources */ = {isa = PBXBuildFile; fileRef = 6EB447181E694D3D0069336F /* ViewController.m */; };
		6EB4471B1E694D3D0069336F /* Assets.xcassets in Resources */ = {isa = PBXBuildFile; fileRef = 6EB4471A1E694D3D0069336F /* Assets.xcassets */; };
		6EB4471E1E694D3D0069336F /* Main.storyboard in Resources */ = {isa = PBXBuildFile; fileRef = 6EB4471C1E694D3D0069336F /* Main.storyboard */; };
		6EB447611E6961CC0069336F /* ESHTTPConnection.m in Sources */ = {isa = PBXBuildFile; fileRef = 6EB447541E6961CC0069336F /* ESHTTPConnection.m */; };
		6EB447621E6961CC0069336F /* ESHTTPServer.m in Sources */ = {isa = PBXBuildFile; fileRef = 6EB447561E6961CC0069336F /* ESHTTPServer.m */; };
		6EB447631E6961CC0069336F /* CHANGELOG in Resources */ = {isa = PBXBuildFile; fileRef = 6EB447591E6961CC0069336F /* CHANGELOG */; };
		6EB447641E6961CC0069336F /* README in Resources */ = {isa = PBXBuildFile; fileRef = 6EB4475A1E6961CC0069336F /* README */; };
		6EB447651E6961CC0069336F /* README-BR.txt in Resources */ = {isa = PBXBuildFile; fileRef = 6EB4475B1E6961CC0069336F /* README-BR.txt */; };
		6EB447661E6961CC0069336F /* sendEmail in Resources */ = {isa = PBXBuildFile; fileRef = 6EB4475C1E6961CC0069336F /* sendEmail */; };
		6EB447671E6961CC0069336F /* sendEmail.pl in Resources */ = {isa = PBXBuildFile; fileRef = 6EB4475D1E6961CC0069336F /* sendEmail.pl */; };
		6EB447681E6961CC0069336F /* TODO in Resources */ = {isa = PBXBuildFile; fileRef = 6EB4475E1E6961CC0069336F /* TODO */; };
		6EB447691E6961CC0069336F /* SendEmail.m in Sources */ = {isa = PBXBuildFile; fileRef = 6EB447601E6961CC0069336F /* SendEmail.m */; };
		BDFAC119A47BF6F8BF985519 /* libPods-Server.a in Frameworks */ = {isa = PBXBuildFile; fileRef = B55F918D9991143C13EB30FD /* libPods-Server.a */; };
/* End PBXBuildFile section */

/* Begin PBXFileReference section */
		27F6A6CC802418EB2BD44ED6 /* Pods-Server.debug.xcconfig */ = {isa = PBXFileReference; includeInIndex = 1; lastKnownFileType = text.xcconfig; name = "Pods-Server.debug.xcconfig"; path = "Pods/Target Support Files/Pods-Server/Pods-Server.debug.xcconfig"; sourceTree = "<group>"; };
		56321F9C1E6E578B0054A7D1 /* SvnModel.h */ = {isa = PBXFileReference; fileEncoding = 4; lastKnownFileType = sourcecode.c.h; path = SvnModel.h; sourceTree = "<group>"; };
		56321F9D1E6E578B0054A7D1 /* SvnModel.m */ = {isa = PBXFileReference; fileEncoding = 4; lastKnownFileType = sourcecode.c.objc; path = SvnModel.m; sourceTree = "<group>"; };
		56B8835F1E69647600324C64 /* SvnManager.h */ = {isa = PBXFileReference; fileEncoding = 4; lastKnownFileType = sourcecode.c.h; path = SvnManager.h; sourceTree = "<group>"; };
		56B883601E69647600324C64 /* SvnManager.m */ = {isa = PBXFileReference; fileEncoding = 4; lastKnownFileType = sourcecode.c.objc; path = SvnManager.m; sourceTree = "<group>"; };
		6EA53F411E69773B001A5780 /* config.plist */ = {isa = PBXFileReference; fileEncoding = 4; lastKnownFileType = text.plist.xml; path = config.plist; sourceTree = "<group>"; };
		6EB4470E1E694D3D0069336F /* Server.app */ = {isa = PBXFileReference; explicitFileType = wrapper.application; includeInIndex = 0; path = Server.app; sourceTree = BUILT_PRODUCTS_DIR; };
		6EB447111E694D3D0069336F /* AppDelegate.h */ = {isa = PBXFileReference; lastKnownFileType = sourcecode.c.h; path = AppDelegate.h; sourceTree = "<group>"; };
		6EB447121E694D3D0069336F /* AppDelegate.m */ = {isa = PBXFileReference; lastKnownFileType = sourcecode.c.objc; path = AppDelegate.m; sourceTree = "<group>"; };
		6EB447151E694D3D0069336F /* main.m */ = {isa = PBXFileReference; lastKnownFileType = sourcecode.c.objc; path = main.m; sourceTree = "<group>"; };
		6EB447171E694D3D0069336F /* ViewController.h */ = {isa = PBXFileReference; lastKnownFileType = sourcecode.c.h; path = ViewController.h; sourceTree = "<group>"; };
		6EB447181E694D3D0069336F /* ViewController.m */ = {isa = PBXFileReference; lastKnownFileType = sourcecode.c.objc; path = ViewController.m; sourceTree = "<group>"; };
		6EB4471A1E694D3D0069336F /* Assets.xcassets */ = {isa = PBXFileReference; lastKnownFileType = folder.assetcatalog; path = Assets.xcassets; sourceTree = "<group>"; };
		6EB4471D1E694D3D0069336F /* Base */ = {isa = PBXFileReference; lastKnownFileType = file.storyboard; name = Base; path = Base.lproj/Main.storyboard; sourceTree = "<group>"; };
		6EB4471F1E694D3D0069336F /* Info.plist */ = {isa = PBXFileReference; lastKnownFileType = text.plist.xml; path = Info.plist; sourceTree = "<group>"; };
		6EB447531E6961CC0069336F /* ESHTTPConnection.h */ = {isa = PBXFileReference; fileEncoding = 4; lastKnownFileType = sourcecode.c.h; path = ESHTTPConnection.h; sourceTree = "<group>"; };
		6EB447541E6961CC0069336F /* ESHTTPConnection.m */ = {isa = PBXFileReference; fileEncoding = 4; lastKnownFileType = sourcecode.c.objc; path = ESHTTPConnection.m; sourceTree = "<group>"; };
		6EB447551E6961CC0069336F /* ESHTTPServer.h */ = {isa = PBXFileReference; fileEncoding = 4; lastKnownFileType = sourcecode.c.h; path = ESHTTPServer.h; sourceTree = "<group>"; };
		6EB447561E6961CC0069336F /* ESHTTPServer.m */ = {isa = PBXFileReference; fileEncoding = 4; lastKnownFileType = sourcecode.c.objc; path = ESHTTPServer.m; sourceTree = "<group>"; };
		6EB447591E6961CC0069336F /* CHANGELOG */ = {isa = PBXFileReference; fileEncoding = 4; lastKnownFileType = text; path = CHANGELOG; sourceTree = "<group>"; };
		6EB4475A1E6961CC0069336F /* README */ = {isa = PBXFileReference; fileEncoding = 4; lastKnownFileType = text; path = README; sourceTree = "<group>"; };
		6EB4475B1E6961CC0069336F /* README-BR.txt */ = {isa = PBXFileReference; fileEncoding = 4; lastKnownFileType = text; path = "README-BR.txt"; sourceTree = "<group>"; };
		6EB4475C1E6961CC0069336F /* sendEmail */ = {isa = PBXFileReference; fileEncoding = 4; lastKnownFileType = text.script.perl; path = sendEmail; sourceTree = "<group>"; };
		6EB4475D1E6961CC0069336F /* sendEmail.pl */ = {isa = PBXFileReference; fileEncoding = 4; lastKnownFileType = text.script.perl; path = sendEmail.pl; sourceTree = "<group>"; };
		6EB4475E1E6961CC0069336F /* TODO */ = {isa = PBXFileReference; fileEncoding = 4; lastKnownFileType = text; path = TODO; sourceTree = "<group>"; };
		6EB4475F1E6961CC0069336F /* SendEmail.h */ = {isa = PBXFileReference; fileEncoding = 4; lastKnownFileType = sourcecode.c.h; path = SendEmail.h; sourceTree = "<group>"; };
		6EB447601E6961CC0069336F /* SendEmail.m */ = {isa = PBXFileReference; fileEncoding = 4; lastKnownFileType = sourcecode.c.objc; path = SendEmail.m; sourceTree = "<group>"; };
		B55F918D9991143C13EB30FD /* libPods-Server.a */ = {isa = PBXFileReference; explicitFileType = archive.ar; includeInIndex = 0; path = "libPods-Server.a"; sourceTree = BUILT_PRODUCTS_DIR; };
		BDFE726AB5181D2232F10251 /* Pods-Server.release.xcconfig */ = {isa = PBXFileReference; includeInIndex = 1; lastKnownFileType = text.xcconfig; name = "Pods-Server.release.xcconfig"; path = "Pods/Target Support Files/Pods-Server/Pods-Server.release.xcconfig"; sourceTree = "<group>"; };
/* End PBXFileReference section */

/* Begin PBXFrameworksBuildPhase section */
		6EB4470B1E694D3D0069336F /* Frameworks */ = {
			isa = PBXFrameworksBuildPhase;
			buildActionMask = 2147483647;
			files = (
				BDFAC119A47BF6F8BF985519 /* libPods-Server.a in Frameworks */,
			);
			runOnlyForDeploymentPostprocessing = 0;
		};
/* End PBXFrameworksBuildPhase section */

/* Begin PBXGroup section */
		02C2E61F9C3754C0513BC4D5 /* Frameworks */ = {
			isa = PBXGroup;
			children = (
				B55F918D9991143C13EB30FD /* libPods-Server.a */,
			);
			name = Frameworks;
			sourceTree = "<group>";
		};
		56B8835E1E69646500324C64 /* Svn */ = {
			isa = PBXGroup;
			children = (
				56B8835F1E69647600324C64 /* SvnManager.h */,
				56B883601E69647600324C64 /* SvnManager.m */,
				56321F9C1E6E578B0054A7D1 /* SvnModel.h */,
				56321F9D1E6E578B0054A7D1 /* SvnModel.m */,
			);
			path = Svn;
			sourceTree = "<group>";
		};
		6EB447051E694D3D0069336F = {
			isa = PBXGroup;
			children = (
				6EB447101E694D3D0069336F /* Server */,
				6EB4470F1E694D3D0069336F /* Products */,
				D5CF270E0AF1D9FA2506FA17 /* Pods */,
				02C2E61F9C3754C0513BC4D5 /* Frameworks */,
			);
			sourceTree = "<group>";
		};
		6EB4470F1E694D3D0069336F /* Products */ = {
			isa = PBXGroup;
			children = (
				6EB4470E1E694D3D0069336F /* Server.app */,
			);
			name = Products;
			sourceTree = "<group>";
		};
		6EB447101E694D3D0069336F /* Server */ = {
			isa = PBXGroup;
			children = (
				56B8835E1E69646500324C64 /* Svn */,
				6EB447571E6961CC0069336F /* SendEmail */,
				6EB447521E6961CC0069336F /* HTTP */,
				6EB447111E694D3D0069336F /* AppDelegate.h */,
				6EB447121E694D3D0069336F /* AppDelegate.m */,
				6EB447171E694D3D0069336F /* ViewController.h */,
				6EB447181E694D3D0069336F /* ViewController.m */,
				6EB4471A1E694D3D0069336F /* Assets.xcassets */,
				6EB4471C1E694D3D0069336F /* Main.storyboard */,
				6EB4471F1E694D3D0069336F /* Info.plist */,
				6EB447141E694D3D0069336F /* Supporting Files */,
				6EA53F411E69773B001A5780 /* config.plist */,
			);
			path = Server;
			sourceTree = "<group>";
		};
		6EB447141E694D3D0069336F /* Supporting Files */ = {
			isa = PBXGroup;
			children = (
				6EB447151E694D3D0069336F /* main.m */,
			);
			name = "Supporting Files";
			sourceTree = "<group>";
		};
		6EB447521E6961CC0069336F /* HTTP */ = {
			isa = PBXGroup;
			children = (
				6EB447531E6961CC0069336F /* ESHTTPConnection.h */,
				6EB447541E6961CC0069336F /* ESHTTPConnection.m */,
				6EB447551E6961CC0069336F /* ESHTTPServer.h */,
				6EB447561E6961CC0069336F /* ESHTTPServer.m */,
			);
			path = HTTP;
			sourceTree = "<group>";
		};
		6EB447571E6961CC0069336F /* SendEmail */ = {
			isa = PBXGroup;
			children = (
				6EB447581E6961CC0069336F /* sendEmail-v1.56 */,
				6EB4475F1E6961CC0069336F /* SendEmail.h */,
				6EB447601E6961CC0069336F /* SendEmail.m */,
			);
			path = SendEmail;
			sourceTree = "<group>";
		};
		6EB447581E6961CC0069336F /* sendEmail-v1.56 */ = {
			isa = PBXGroup;
			children = (
				6EB447591E6961CC0069336F /* CHANGELOG */,
				6EB4475A1E6961CC0069336F /* README */,
				6EB4475B1E6961CC0069336F /* README-BR.txt */,
				6EB4475C1E6961CC0069336F /* sendEmail */,
				6EB4475D1E6961CC0069336F /* sendEmail.pl */,
				6EB4475E1E6961CC0069336F /* TODO */,
			);
			path = "sendEmail-v1.56";
			sourceTree = "<group>";
		};
		D5CF270E0AF1D9FA2506FA17 /* Pods */ = {
			isa = PBXGroup;
			children = (
				27F6A6CC802418EB2BD44ED6 /* Pods-Server.debug.xcconfig */,
				BDFE726AB5181D2232F10251 /* Pods-Server.release.xcconfig */,
			);
			name = Pods;
			sourceTree = "<group>";
		};
/* End PBXGroup section */

/* Begin PBXNativeTarget section */
		6EB4470D1E694D3D0069336F /* Server */ = {
			isa = PBXNativeTarget;
			buildConfigurationList = 6EB447221E694D3D0069336F /* Build configuration list for PBXNativeTarget "Server" */;
			buildPhases = (
				B151B1FFF9B3F38B1B24A99E /* [CP] Check Pods Manifest.lock */,
				6EB4470A1E694D3D0069336F /* Sources */,
				6EB4470B1E694D3D0069336F /* Frameworks */,
				6EB4470C1E694D3D0069336F /* Resources */,
				81F7B730D393A1723FCB5A89 /* [CP] Embed Pods Frameworks */,
				B1EDE0ECBD29DAEBB2457DBA /* [CP] Copy Pods Resources */,
			);
			buildRules = (
			);
			dependencies = (
			);
			name = Server;
			productName = Server;
			productReference = 6EB4470E1E694D3D0069336F /* Server.app */;
			productType = "com.apple.product-type.application";
		};
/* End PBXNativeTarget section */

/* Begin PBXProject section */
		6EB447061E694D3D0069336F /* Project object */ = {
			isa = PBXProject;
			attributes = {
				LastUpgradeCheck = 0820;
				ORGANIZATIONNAME = "翟泉";
				TargetAttributes = {
					6EB4470D1E694D3D0069336F = {
						CreatedOnToolsVersion = 8.2.1;
						DevelopmentTeam = 959Q9RL588;
						ProvisioningStyle = Automatic;
					};
				};
			};
			buildConfigurationList = 6EB447091E694D3D0069336F /* Build configuration list for PBXProject "Server" */;
			compatibilityVersion = "Xcode 3.2";
			developmentRegion = English;
			hasScannedForEncodings = 0;
			knownRegions = (
				en,
				Base,
			);
			mainGroup = 6EB447051E694D3D0069336F;
			productRefGroup = 6EB4470F1E694D3D0069336F /* Products */;
			projectDirPath = "";
			projectRoot = "";
			targets = (
				6EB4470D1E694D3D0069336F /* Server */,
			);
		};
/* End PBXProject section */

/* Begin PBXResourcesBuildPhase section */
		6EB4470C1E694D3D0069336F /* Resources */ = {
			isa = PBXResourcesBuildPhase;
			buildActionMask = 2147483647;
			files = (
				6EB447641E6961CC0069336F /* README in Resources */,
				6EB447661E6961CC0069336F /* sendEmail in Resources */,
				6EB447681E6961CC0069336F /* TODO in Resources */,
				6EB447651E6961CC0069336F /* README-BR.txt in Resources */,
				6EB447671E6961CC0069336F /* sendEmail.pl in Resources */,
				6EA53F421E69773B001A5780 /* config.plist in Resources */,
				6EB4471B1E694D3D0069336F /* Assets.xcassets in Resources */,
				6EB4471E1E694D3D0069336F /* Main.storyboard in Resources */,
				6EB447631E6961CC0069336F /* CHANGELOG in Resources */,
			);
			runOnlyForDeploymentPostprocessing = 0;
		};
/* End PBXResourcesBuildPhase section */

/* Begin PBXShellScriptBuildPhase section */
		81F7B730D393A1723FCB5A89 /* [CP] Embed Pods Frameworks */ = {
			isa = PBXShellScriptBuildPhase;
			buildActionMask = 2147483647;
			files = (
			);
			inputPaths = (
			);
			name = "[CP] Embed Pods Frameworks";
			outputPaths = (
			);
			runOnlyForDeploymentPostprocessing = 0;
			shellPath = /bin/sh;
			shellScript = "\"${SRCROOT}/Pods/Target Support Files/Pods-Server/Pods-Server-frameworks.sh\"\n";
			showEnvVarsInLog = 0;
		};
		B151B1FFF9B3F38B1B24A99E /* [CP] Check Pods Manifest.lock */ = {
			isa = PBXShellScriptBuildPhase;
			buildActionMask = 2147483647;
			files = (
			);
			inputPaths = (
			);
			name = "[CP] Check Pods Manifest.lock";
			outputPaths = (
			);
			runOnlyForDeploymentPostprocessing = 0;
			shellPath = /bin/sh;
			shellScript = "diff \"${PODS_ROOT}/../Podfile.lock\" \"${PODS_ROOT}/Manifest.lock\" > /dev/null\nif [ $? != 0 ] ; then\n    # print error to STDERR\n    echo \"error: The sandbox is not in sync with the Podfile.lock. Run 'pod install' or update your CocoaPods installation.\" >&2\n    exit 1\nfi\n";
			showEnvVarsInLog = 0;
		};
		B1EDE0ECBD29DAEBB2457DBA /* [CP] Copy Pods Resources */ = {
			isa = PBXShellScriptBuildPhase;
			buildActionMask = 2147483647;
			files = (
			);
			inputPaths = (
			);
			name = "[CP] Copy Pods Resources";
			outputPaths = (
			);
			runOnlyForDeploymentPostprocessing = 0;
			shellPath = /bin/sh;
			shellScript = "\"${SRCROOT}/Pods/Target Support Files/Pods-Server/Pods-Server-resources.sh\"\n";
			showEnvVarsInLog = 0;
		};
/* End PBXShellScriptBuildPhase section */

/* Begin PBXSourcesBuildPhase section */
		6EB4470A1E694D3D0069336F /* Sources */ = {
			isa = PBXSourcesBuildPhase;
			buildActionMask = 2147483647;
			files = (
				56B883611E69647600324C64 /* SvnManager.m in Sources */,
				6EB447691E6961CC0069336F /* SendEmail.m in Sources */,
				56321F9E1E6E578B0054A7D1 /* SvnModel.m in Sources */,
				6EB447191E694D3D0069336F /* ViewController.m in Sources */,
				6EB447611E6961CC0069336F /* ESHTTPConnection.m in Sources */,
				6EB447621E6961CC0069336F /* ESHTTPServer.m in Sources */,
				6EB447161E694D3D0069336F /* main.m in Sources */,
				6EB447131E694D3D0069336F /* AppDelegate.m in Sources */,
			);
			runOnlyForDeploymentPostprocessing = 0;
		};
/* End PBXSourcesBuildPhase section */

/* Begin PBXVariantGroup section */
		6EB4471C1E694D3D0069336F /* Main.storyboard */ = {
			isa = PBXVariantGroup;
			children = (
				6EB4471D1E694D3D0069336F /* Base */,
			);
			name = Main.storyboard;
			sourceTree = "<group>";
		};
/* End PBXVariantGroup section */

/* Begin XCBuildConfiguration section */
		6EB447201E694D3D0069336F /* Debug */ = {
			isa = XCBuildConfiguration;
			buildSettings = {
				ALWAYS_SEARCH_USER_PATHS = NO;
				CLANG_ANALYZER_NONNULL = YES;
				CLANG_CXX_LANGUAGE_STANDARD = "gnu++0x";
				CLANG_CXX_LIBRARY = "libc++";
				CLANG_ENABLE_MODULES = YES;
				CLANG_ENABLE_OBJC_ARC = YES;
				CLANG_WARN_BOOL_CONVERSION = YES;
				CLANG_WARN_CONSTANT_CONVERSION = YES;
				CLANG_WARN_DIRECT_OBJC_ISA_USAGE = YES_ERROR;
				CLANG_WARN_DOCUMENTATION_COMMENTS = YES;
				CLANG_WARN_EMPTY_BODY = YES;
				CLANG_WARN_ENUM_CONVERSION = YES;
				CLANG_WARN_INFINITE_RECURSION = YES;
				CLANG_WARN_INT_CONVERSION = YES;
				CLANG_WARN_OBJC_ROOT_CLASS = YES_ERROR;
				CLANG_WARN_SUSPICIOUS_MOVE = YES;
				CLANG_WARN_UNREACHABLE_CODE = YES;
				CLANG_WARN__DUPLICATE_METHOD_MATCH = YES;
				CODE_SIGN_IDENTITY = "-";
				COPY_PHASE_STRIP = NO;
				DEBUG_INFORMATION_FORMAT = dwarf;
				ENABLE_STRICT_OBJC_MSGSEND = YES;
				ENABLE_TESTABILITY = YES;
				GCC_C_LANGUAGE_STANDARD = gnu99;
				GCC_DYNAMIC_NO_PIC = NO;
				GCC_NO_COMMON_BLOCKS = YES;
				GCC_OPTIMIZATION_LEVEL = 0;
				GCC_PREPROCESSOR_DEFINITIONS = (
					"DEBUG=1",
					"$(inherited)",
				);
				GCC_WARN_64_TO_32_BIT_CONVERSION = YES;
				GCC_WARN_ABOUT_RETURN_TYPE = YES_ERROR;
				GCC_WARN_UNDECLARED_SELECTOR = YES;
				GCC_WARN_UNINITIALIZED_AUTOS = YES_AGGRESSIVE;
				GCC_WARN_UNUSED_FUNCTION = YES;
				GCC_WARN_UNUSED_VARIABLE = YES;
				MACOSX_DEPLOYMENT_TARGET = 10.12;
				MTL_ENABLE_DEBUG_INFO = YES;
				ONLY_ACTIVE_ARCH = YES;
				SDKROOT = macosx;
			};
			name = Debug;
		};
		6EB447211E694D3D0069336F /* Release */ = {
			isa = XCBuildConfiguration;
			buildSettings = {
				ALWAYS_SEARCH_USER_PATHS = NO;
				CLANG_ANALYZER_NONNULL = YES;
				CLANG_CXX_LANGUAGE_STANDARD = "gnu++0x";
				CLANG_CXX_LIBRARY = "libc++";
				CLANG_ENABLE_MODULES = YES;
				CLANG_ENABLE_OBJC_ARC = YES;
				CLANG_WARN_BOOL_CONVERSION = YES;
				CLANG_WARN_CONSTANT_CONVERSION = YES;
				CLANG_WARN_DIRECT_OBJC_ISA_USAGE = YES_ERROR;
				CLANG_WARN_DOCUMENTATION_COMMENTS = YES;
				CLANG_WARN_EMPTY_BODY = YES;
				CLANG_WARN_ENUM_CONVERSION = YES;
				CLANG_WARN_INFINITE_RECURSION = YES;
				CLANG_WARN_INT_CONVERSION = YES;
				CLANG_WARN_OBJC_ROOT_CLASS = YES_ERROR;
				CLANG_WARN_SUSPICIOUS_MOVE = YES;
				CLANG_WARN_UNREACHABLE_CODE = YES;
				CLANG_WARN__DUPLICATE_METHOD_MATCH = YES;
				CODE_SIGN_IDENTITY = "-";
				COPY_PHASE_STRIP = NO;
				DEBUG_INFORMATION_FORMAT = "dwarf-with-dsym";
				ENABLE_NS_ASSERTIONS = NO;
				ENABLE_STRICT_OBJC_MSGSEND = YES;
				GCC_C_LANGUAGE_STANDARD = gnu99;
				GCC_NO_COMMON_BLOCKS = YES;
				GCC_WARN_64_TO_32_BIT_CONVERSION = YES;
				GCC_WARN_ABOUT_RETURN_TYPE = YES_ERROR;
				GCC_WARN_UNDECLARED_SELECTOR = YES;
				GCC_WARN_UNINITIALIZED_AUTOS = YES_AGGRESSIVE;
				GCC_WARN_UNUSED_FUNCTION = YES;
				GCC_WARN_UNUSED_VARIABLE = YES;
				MACOSX_DEPLOYMENT_TARGET = 10.12;
				MTL_ENABLE_DEBUG_INFO = NO;
				SDKROOT = macosx;
			};
			name = Release;
		};
		6EB447231E694D3D0069336F /* Debug */ = {
			isa = XCBuildConfiguration;
			baseConfigurationReference = 27F6A6CC802418EB2BD44ED6 /* Pods-Server.debug.xcconfig */;
			buildSettings = {
				ASSETCATALOG_COMPILER_APPICON_NAME = AppIcon;
				COMBINE_HIDPI_IMAGES = YES;
				DEVELOPMENT_TEAM = 959Q9RL588;
				INFOPLIST_FILE = Server/Info.plist;
				LD_RUNPATH_SEARCH_PATHS = "$(inherited) @executable_path/../Frameworks";
				MACOSX_DEPLOYMENT_TARGET = 10.10;
				PRODUCT_BUNDLE_IDENTIFIER = com.cezr.Server;
				PRODUCT_NAME = "$(TARGET_NAME)";
			};
			name = Debug;
		};
		6EB447241E694D3D0069336F /* Release */ = {
			isa = XCBuildConfiguration;
			baseConfigurationReference = BDFE726AB5181D2232F10251 /* Pods-Server.release.xcconfig */;
			buildSettings = {
				ASSETCATALOG_COMPILER_APPICON_NAME = AppIcon;
				COMBINE_HIDPI_IMAGES = YES;
				DEVELOPMENT_TEAM = 959Q9RL588;
				INFOPLIST_FILE = Server/Info.plist;
				LD_RUNPATH_SEARCH_PATHS = "$(inherited) @executable_path/../Frameworks";
				MACOSX_DEPLOYMENT_TARGET = 10.10;
				PRODUCT_BUNDLE_IDENTIFIER = com.cezr.Server;
				PRODUCT_NAME = "$(TARGET_NAME)";
			};
			name = Release;
		};
/* End XCBuildConfiguration section */

/* Begin XCConfigurationList section */
		6EB447091E694D3D0069336F /* Build configuration list for PBXProject "Server" */ = {
			isa = XCConfigurationList;
			buildConfigurations = (
				6EB447201E694D3D0069336F /* Debug */,
				6EB447211E694D3D0069336F /* Release */,
			);
			defaultConfigurationIsVisible = 0;
			defaultConfigurationName = Release;
		};
		6EB447221E694D3D0069336F /* Build configuration list for PBXNativeTarget "Server" */ = {
			isa = XCConfigurationList;
			buildConfigurations = (
				6EB447231E694D3D0069336F /* Debug */,
				6EB447241E694D3D0069336F /* Release */,
			);
			defaultConfigurationIsVisible = 0;
			defaultConfigurationName = Release;
		};
/* End XCConfigurationList section */
	};
	rootObject = 6EB447061E694D3D0069336F /* Project object */;
}
