// !$*UTF8*$!
{
	archiveVersion = 1;
	classes = {
	};
	objectVersion = 46;
	objects = {

/* Begin PBXBuildFile section */
<<<<<<< Updated upstream
		56B8834F1E695BC400324C64 /* SendEmail.m in Sources */ = {isa = PBXBuildFile; fileRef = 56B8834E1E695BC400324C64 /* SendEmail.m */; };
		56B883571E695BEC00324C64 /* CHANGELOG in Resources */ = {isa = PBXBuildFile; fileRef = 56B883511E695BEC00324C64 /* CHANGELOG */; };
		56B883581E695BEC00324C64 /* README in Resources */ = {isa = PBXBuildFile; fileRef = 56B883521E695BEC00324C64 /* README */; };
		56B883591E695BEC00324C64 /* README-BR.txt in Resources */ = {isa = PBXBuildFile; fileRef = 56B883531E695BEC00324C64 /* README-BR.txt */; };
		56B8835A1E695BEC00324C64 /* sendEmail in Resources */ = {isa = PBXBuildFile; fileRef = 56B883541E695BEC00324C64 /* sendEmail */; };
		56B8835B1E695BEC00324C64 /* sendEmail.pl in Resources */ = {isa = PBXBuildFile; fileRef = 56B883551E695BEC00324C64 /* sendEmail.pl */; };
		56B8835C1E695BEC00324C64 /* TODO in Resources */ = {isa = PBXBuildFile; fileRef = 56B883561E695BEC00324C64 /* TODO */; };
=======
		211FECB2DECA01FB8F73556E /* libPods-Server.a in Frameworks */ = {isa = PBXBuildFile; fileRef = EB3484CBC332003FC1F2598E /* libPods-Server.a */; };
>>>>>>> Stashed changes
		6EB447131E694D3D0069336F /* AppDelegate.m in Sources */ = {isa = PBXBuildFile; fileRef = 6EB447121E694D3D0069336F /* AppDelegate.m */; };
		6EB447161E694D3D0069336F /* main.m in Sources */ = {isa = PBXBuildFile; fileRef = 6EB447151E694D3D0069336F /* main.m */; };
		6EB447191E694D3D0069336F /* ViewController.m in Sources */ = {isa = PBXBuildFile; fileRef = 6EB447181E694D3D0069336F /* ViewController.m */; };
		6EB4471B1E694D3D0069336F /* Assets.xcassets in Resources */ = {isa = PBXBuildFile; fileRef = 6EB4471A1E694D3D0069336F /* Assets.xcassets */; };
		6EB4471E1E694D3D0069336F /* Main.storyboard in Resources */ = {isa = PBXBuildFile; fileRef = 6EB4471C1E694D3D0069336F /* Main.storyboard */; };
		6EB4474E1E6953FD0069336F /* ESHTTPServer.m in Sources */ = {isa = PBXBuildFile; fileRef = 6EB4474D1E6953FD0069336F /* ESHTTPServer.m */; };
		6EB447511E69540B0069336F /* ESHTTPConnection.m in Sources */ = {isa = PBXBuildFile; fileRef = 6EB447501E69540B0069336F /* ESHTTPConnection.m */; };
/* End PBXBuildFile section */

/* Begin PBXFileReference section */
<<<<<<< Updated upstream
		56B8834D1E695BC400324C64 /* SendEmail.h */ = {isa = PBXFileReference; fileEncoding = 4; lastKnownFileType = sourcecode.c.h; path = SendEmail.h; sourceTree = "<group>"; };
		56B8834E1E695BC400324C64 /* SendEmail.m */ = {isa = PBXFileReference; fileEncoding = 4; lastKnownFileType = sourcecode.c.objc; path = SendEmail.m; sourceTree = "<group>"; };
		56B883511E695BEC00324C64 /* CHANGELOG */ = {isa = PBXFileReference; fileEncoding = 4; lastKnownFileType = text; path = CHANGELOG; sourceTree = "<group>"; };
		56B883521E695BEC00324C64 /* README */ = {isa = PBXFileReference; fileEncoding = 4; lastKnownFileType = text; path = README; sourceTree = "<group>"; };
		56B883531E695BEC00324C64 /* README-BR.txt */ = {isa = PBXFileReference; fileEncoding = 4; lastKnownFileType = text; path = "README-BR.txt"; sourceTree = "<group>"; };
		56B883541E695BEC00324C64 /* sendEmail */ = {isa = PBXFileReference; fileEncoding = 4; lastKnownFileType = text.script.perl; path = sendEmail; sourceTree = "<group>"; };
		56B883551E695BEC00324C64 /* sendEmail.pl */ = {isa = PBXFileReference; fileEncoding = 4; lastKnownFileType = text.script.perl; path = sendEmail.pl; sourceTree = "<group>"; };
		56B883561E695BEC00324C64 /* TODO */ = {isa = PBXFileReference; fileEncoding = 4; lastKnownFileType = text; path = TODO; sourceTree = "<group>"; };
=======
		2530364B8174CAAAC92EDB74 /* Pods-Server.debug.xcconfig */ = {isa = PBXFileReference; includeInIndex = 1; lastKnownFileType = text.xcconfig; name = "Pods-Server.debug.xcconfig"; path = "Pods/Target Support Files/Pods-Server/Pods-Server.debug.xcconfig"; sourceTree = "<group>"; };
>>>>>>> Stashed changes
		6EB4470E1E694D3D0069336F /* Server.app */ = {isa = PBXFileReference; explicitFileType = wrapper.application; includeInIndex = 0; path = Server.app; sourceTree = BUILT_PRODUCTS_DIR; };
		6EB447111E694D3D0069336F /* AppDelegate.h */ = {isa = PBXFileReference; lastKnownFileType = sourcecode.c.h; path = AppDelegate.h; sourceTree = "<group>"; };
		6EB447121E694D3D0069336F /* AppDelegate.m */ = {isa = PBXFileReference; lastKnownFileType = sourcecode.c.objc; path = AppDelegate.m; sourceTree = "<group>"; };
		6EB447151E694D3D0069336F /* main.m */ = {isa = PBXFileReference; lastKnownFileType = sourcecode.c.objc; path = main.m; sourceTree = "<group>"; };
		6EB447171E694D3D0069336F /* ViewController.h */ = {isa = PBXFileReference; lastKnownFileType = sourcecode.c.h; path = ViewController.h; sourceTree = "<group>"; };
		6EB447181E694D3D0069336F /* ViewController.m */ = {isa = PBXFileReference; lastKnownFileType = sourcecode.c.objc; path = ViewController.m; sourceTree = "<group>"; };
		6EB4471A1E694D3D0069336F /* Assets.xcassets */ = {isa = PBXFileReference; lastKnownFileType = folder.assetcatalog; path = Assets.xcassets; sourceTree = "<group>"; };
		6EB4471D1E694D3D0069336F /* Base */ = {isa = PBXFileReference; lastKnownFileType = file.storyboard; name = Base; path = Base.lproj/Main.storyboard; sourceTree = "<group>"; };
		6EB4471F1E694D3D0069336F /* Info.plist */ = {isa = PBXFileReference; lastKnownFileType = text.plist.xml; path = Info.plist; sourceTree = "<group>"; };
		6EB4474C1E6953FD0069336F /* ESHTTPServer.h */ = {isa = PBXFileReference; fileEncoding = 4; lastKnownFileType = sourcecode.c.h; path = ESHTTPServer.h; sourceTree = "<group>"; };
		6EB4474D1E6953FD0069336F /* ESHTTPServer.m */ = {isa = PBXFileReference; fileEncoding = 4; lastKnownFileType = sourcecode.c.objc; path = ESHTTPServer.m; sourceTree = "<group>"; };
		6EB4474F1E69540B0069336F /* ESHTTPConnection.h */ = {isa = PBXFileReference; fileEncoding = 4; lastKnownFileType = sourcecode.c.h; path = ESHTTPConnection.h; sourceTree = "<group>"; };
		6EB447501E69540B0069336F /* ESHTTPConnection.m */ = {isa = PBXFileReference; fileEncoding = 4; lastKnownFileType = sourcecode.c.objc; path = ESHTTPConnection.m; sourceTree = "<group>"; };
		E08F7D975FF35B4079A56271 /* Pods-Server.release.xcconfig */ = {isa = PBXFileReference; includeInIndex = 1; lastKnownFileType = text.xcconfig; name = "Pods-Server.release.xcconfig"; path = "Pods/Target Support Files/Pods-Server/Pods-Server.release.xcconfig"; sourceTree = "<group>"; };
		EB3484CBC332003FC1F2598E /* libPods-Server.a */ = {isa = PBXFileReference; explicitFileType = archive.ar; includeInIndex = 0; path = "libPods-Server.a"; sourceTree = BUILT_PRODUCTS_DIR; };
/* End PBXFileReference section */

/* Begin PBXFrameworksBuildPhase section */
		6EB4470B1E694D3D0069336F /* Frameworks */ = {
			isa = PBXFrameworksBuildPhase;
			buildActionMask = 2147483647;
			files = (
				211FECB2DECA01FB8F73556E /* libPods-Server.a in Frameworks */,
			);
			runOnlyForDeploymentPostprocessing = 0;
		};
/* End PBXFrameworksBuildPhase section */

/* Begin PBXGroup section */
<<<<<<< Updated upstream
		56B8834B1E69507C00324C64 /* SendEmail */ = {
			isa = PBXGroup;
			children = (
				56B883501E695BEC00324C64 /* sendEmail-v1.56 */,
				56B8834D1E695BC400324C64 /* SendEmail.h */,
				56B8834E1E695BC400324C64 /* SendEmail.m */,
			);
			path = SendEmail;
			sourceTree = "<group>";
		};
		56B8834C1E6950A200324C64 /* SvnManager */ = {
			isa = PBXGroup;
			children = (
			);
			path = SvnManager;
			sourceTree = "<group>";
		};
		56B883501E695BEC00324C64 /* sendEmail-v1.56 */ = {
			isa = PBXGroup;
			children = (
				56B883511E695BEC00324C64 /* CHANGELOG */,
				56B883521E695BEC00324C64 /* README */,
				56B883531E695BEC00324C64 /* README-BR.txt */,
				56B883541E695BEC00324C64 /* sendEmail */,
				56B883551E695BEC00324C64 /* sendEmail.pl */,
				56B883561E695BEC00324C64 /* TODO */,
			);
			path = "sendEmail-v1.56";
=======
		10169DFBFA0ED994C8255616 /* Frameworks */ = {
			isa = PBXGroup;
			children = (
				EB3484CBC332003FC1F2598E /* libPods-Server.a */,
			);
			name = Frameworks;
>>>>>>> Stashed changes
			sourceTree = "<group>";
		};
		6EB447051E694D3D0069336F = {
			isa = PBXGroup;
			children = (
				6EB447101E694D3D0069336F /* Server */,
				6EB4470F1E694D3D0069336F /* Products */,
				DA695720FE129FEB4BC00FEE /* Pods */,
				10169DFBFA0ED994C8255616 /* Frameworks */,
			);
			sourceTree = "<group>";
		};
		6EB4470F1E694D3D0069336F /* Products */ = {
			isa = PBXGroup;
			children = (
				6EB4470E1E694D3D0069336F /* Server.app */,
			);
			name = Products;
			sourceTree = "<group>";
		};
		6EB447101E694D3D0069336F /* Server */ = {
			isa = PBXGroup;
			children = (
<<<<<<< Updated upstream
				56B8834B1E69507C00324C64 /* SendEmail */,
				56B8834C1E6950A200324C64 /* SvnManager */,
=======
				6EB447481E6953A90069336F /* HTTP */,
>>>>>>> Stashed changes
				6EB447111E694D3D0069336F /* AppDelegate.h */,
				6EB447121E694D3D0069336F /* AppDelegate.m */,
				6EB447171E694D3D0069336F /* ViewController.h */,
				6EB447181E694D3D0069336F /* ViewController.m */,
				6EB4471A1E694D3D0069336F /* Assets.xcassets */,
				6EB4471C1E694D3D0069336F /* Main.storyboard */,
				6EB4471F1E694D3D0069336F /* Info.plist */,
				6EB447141E694D3D0069336F /* Supporting Files */,
			);
			path = Server;
			sourceTree = "<group>";
		};
		6EB447141E694D3D0069336F /* Supporting Files */ = {
			isa = PBXGroup;
			children = (
				6EB447151E694D3D0069336F /* main.m */,
			);
			name = "Supporting Files";
			sourceTree = "<group>";
		};
		6EB447481E6953A90069336F /* HTTP */ = {
			isa = PBXGroup;
			children = (
				6EB4474C1E6953FD0069336F /* ESHTTPServer.h */,
				6EB4474D1E6953FD0069336F /* ESHTTPServer.m */,
				6EB4474F1E69540B0069336F /* ESHTTPConnection.h */,
				6EB447501E69540B0069336F /* ESHTTPConnection.m */,
			);
			path = HTTP;
			sourceTree = "<group>";
		};
		DA695720FE129FEB4BC00FEE /* Pods */ = {
			isa = PBXGroup;
			children = (
				2530364B8174CAAAC92EDB74 /* Pods-Server.debug.xcconfig */,
				E08F7D975FF35B4079A56271 /* Pods-Server.release.xcconfig */,
			);
			name = Pods;
			sourceTree = "<group>";
		};
/* End PBXGroup section */

/* Begin PBXNativeTarget section */
		6EB4470D1E694D3D0069336F /* Server */ = {
			isa = PBXNativeTarget;
			buildConfigurationList = 6EB447221E694D3D0069336F /* Build configuration list for PBXNativeTarget "Server" */;
			buildPhases = (
				A915BA01C756C5B193D07F53 /* [CP] Check Pods Manifest.lock */,
				6EB4470A1E694D3D0069336F /* Sources */,
				6EB4470B1E694D3D0069336F /* Frameworks */,
				6EB4470C1E694D3D0069336F /* Resources */,
				F108D4FB882D40FF9FE29B2F /* [CP] Embed Pods Frameworks */,
				2D251EFD991CC4B8F7748743 /* [CP] Copy Pods Resources */,
			);
			buildRules = (
			);
			dependencies = (
			);
			name = Server;
			productName = Server;
			productReference = 6EB4470E1E694D3D0069336F /* Server.app */;
			productType = "com.apple.product-type.application";
		};
/* End PBXNativeTarget section */

/* Begin PBXProject section */
		6EB447061E694D3D0069336F /* Project object */ = {
			isa = PBXProject;
			attributes = {
				LastUpgradeCheck = 0820;
				ORGANIZATIONNAME = "翟泉";
				TargetAttributes = {
					6EB4470D1E694D3D0069336F = {
						CreatedOnToolsVersion = 8.2.1;
						DevelopmentTeam = 959Q9RL588;
						ProvisioningStyle = Automatic;
					};
				};
			};
			buildConfigurationList = 6EB447091E694D3D0069336F /* Build configuration list for PBXProject "Server" */;
			compatibilityVersion = "Xcode 3.2";
			developmentRegion = English;
			hasScannedForEncodings = 0;
			knownRegions = (
				en,
				Base,
			);
			mainGroup = 6EB447051E694D3D0069336F;
			productRefGroup = 6EB4470F1E694D3D0069336F /* Products */;
			projectDirPath = "";
			projectRoot = "";
			targets = (
				6EB4470D1E694D3D0069336F /* Server */,
			);
		};
/* End PBXProject section */

/* Begin PBXResourcesBuildPhase section */
		6EB4470C1E694D3D0069336F /* Resources */ = {
			isa = PBXResourcesBuildPhase;
			buildActionMask = 2147483647;
			files = (
				56B883581E695BEC00324C64 /* README in Resources */,
				56B8835A1E695BEC00324C64 /* sendEmail in Resources */,
				56B8835C1E695BEC00324C64 /* TODO in Resources */,
				56B883591E695BEC00324C64 /* README-BR.txt in Resources */,
				56B8835B1E695BEC00324C64 /* sendEmail.pl in Resources */,
				6EB4471B1E694D3D0069336F /* Assets.xcassets in Resources */,
				6EB4471E1E694D3D0069336F /* Main.storyboard in Resources */,
				56B883571E695BEC00324C64 /* CHANGELOG in Resources */,
			);
			runOnlyForDeploymentPostprocessing = 0;
		};
/* End PBXResourcesBuildPhase section */

/* Begin PBXShellScriptBuildPhase section */
		2D251EFD991CC4B8F7748743 /* [CP] Copy Pods Resources */ = {
			isa = PBXShellScriptBuildPhase;
			buildActionMask = 2147483647;
			files = (
			);
			inputPaths = (
			);
			name = "[CP] Copy Pods Resources";
			outputPaths = (
			);
			runOnlyForDeploymentPostprocessing = 0;
			shellPath = /bin/sh;
			shellScript = "\"${SRCROOT}/Pods/Target Support Files/Pods-Server/Pods-Server-resources.sh\"\n";
			showEnvVarsInLog = 0;
		};
		A915BA01C756C5B193D07F53 /* [CP] Check Pods Manifest.lock */ = {
			isa = PBXShellScriptBuildPhase;
			buildActionMask = 2147483647;
			files = (
			);
			inputPaths = (
			);
			name = "[CP] Check Pods Manifest.lock";
			outputPaths = (
			);
			runOnlyForDeploymentPostprocessing = 0;
			shellPath = /bin/sh;
			shellScript = "diff \"${PODS_ROOT}/../Podfile.lock\" \"${PODS_ROOT}/Manifest.lock\" > /dev/null\nif [ $? != 0 ] ; then\n    # print error to STDERR\n    echo \"error: The sandbox is not in sync with the Podfile.lock. Run 'pod install' or update your CocoaPods installation.\" >&2\n    exit 1\nfi\n";
			showEnvVarsInLog = 0;
		};
		F108D4FB882D40FF9FE29B2F /* [CP] Embed Pods Frameworks */ = {
			isa = PBXShellScriptBuildPhase;
			buildActionMask = 2147483647;
			files = (
			);
			inputPaths = (
			);
			name = "[CP] Embed Pods Frameworks";
			outputPaths = (
			);
			runOnlyForDeploymentPostprocessing = 0;
			shellPath = /bin/sh;
			shellScript = "\"${SRCROOT}/Pods/Target Support Files/Pods-Server/Pods-Server-frameworks.sh\"\n";
			showEnvVarsInLog = 0;
		};
/* End PBXShellScriptBuildPhase section */

/* Begin PBXSourcesBuildPhase section */
		6EB4470A1E694D3D0069336F /* Sources */ = {
			isa = PBXSourcesBuildPhase;
			buildActionMask = 2147483647;
			files = (
<<<<<<< Updated upstream
				56B8834F1E695BC400324C64 /* SendEmail.m in Sources */,
=======
				6EB4474E1E6953FD0069336F /* ESHTTPServer.m in Sources */,
>>>>>>> Stashed changes
				6EB447191E694D3D0069336F /* ViewController.m in Sources */,
				6EB447161E694D3D0069336F /* main.m in Sources */,
				6EB447511E69540B0069336F /* ESHTTPConnection.m in Sources */,
				6EB447131E694D3D0069336F /* AppDelegate.m in Sources */,
			);
			runOnlyForDeploymentPostprocessing = 0;
		};
/* End PBXSourcesBuildPhase section */

/* Begin PBXVariantGroup section */
		6EB4471C1E694D3D0069336F /* Main.storyboard */ = {
			isa = PBXVariantGroup;
			children = (
				6EB4471D1E694D3D0069336F /* Base */,
			);
			name = Main.storyboard;
			sourceTree = "<group>";
		};
/* End PBXVariantGroup section */

/* Begin XCBuildConfiguration section */
		6EB447201E694D3D0069336F /* Debug */ = {
			isa = XCBuildConfiguration;
			buildSettings = {
				ALWAYS_SEARCH_USER_PATHS = NO;
				CLANG_ANALYZER_NONNULL = YES;
				CLANG_CXX_LANGUAGE_STANDARD = "gnu++0x";
				CLANG_CXX_LIBRARY = "libc++";
				CLANG_ENABLE_MODULES = YES;
				CLANG_ENABLE_OBJC_ARC = YES;
				CLANG_WARN_BOOL_CONVERSION = YES;
				CLANG_WARN_CONSTANT_CONVERSION = YES;
				CLANG_WARN_DIRECT_OBJC_ISA_USAGE = YES_ERROR;
				CLANG_WARN_DOCUMENTATION_COMMENTS = YES;
				CLANG_WARN_EMPTY_BODY = YES;
				CLANG_WARN_ENUM_CONVERSION = YES;
				CLANG_WARN_INFINITE_RECURSION = YES;
				CLANG_WARN_INT_CONVERSION = YES;
				CLANG_WARN_OBJC_ROOT_CLASS = YES_ERROR;
				CLANG_WARN_SUSPICIOUS_MOVE = YES;
				CLANG_WARN_UNREACHABLE_CODE = YES;
				CLANG_WARN__DUPLICATE_METHOD_MATCH = YES;
				CODE_SIGN_IDENTITY = "-";
				COPY_PHASE_STRIP = NO;
				DEBUG_INFORMATION_FORMAT = dwarf;
				ENABLE_STRICT_OBJC_MSGSEND = YES;
				ENABLE_TESTABILITY = YES;
				GCC_C_LANGUAGE_STANDARD = gnu99;
				GCC_DYNAMIC_NO_PIC = NO;
				GCC_NO_COMMON_BLOCKS = YES;
				GCC_OPTIMIZATION_LEVEL = 0;
				GCC_PREPROCESSOR_DEFINITIONS = (
					"DEBUG=1",
					"$(inherited)",
				);
				GCC_WARN_64_TO_32_BIT_CONVERSION = YES;
				GCC_WARN_ABOUT_RETURN_TYPE = YES_ERROR;
				GCC_WARN_UNDECLARED_SELECTOR = YES;
				GCC_WARN_UNINITIALIZED_AUTOS = YES_AGGRESSIVE;
				GCC_WARN_UNUSED_FUNCTION = YES;
				GCC_WARN_UNUSED_VARIABLE = YES;
				MACOSX_DEPLOYMENT_TARGET = 10.12;
				MTL_ENABLE_DEBUG_INFO = YES;
				ONLY_ACTIVE_ARCH = YES;
				SDKROOT = macosx;
			};
			name = Debug;
		};
		6EB447211E694D3D0069336F /* Release */ = {
			isa = XCBuildConfiguration;
			buildSettings = {
				ALWAYS_SEARCH_USER_PATHS = NO;
				CLANG_ANALYZER_NONNULL = YES;
				CLANG_CXX_LANGUAGE_STANDARD = "gnu++0x";
				CLANG_CXX_LIBRARY = "libc++";
				CLANG_ENABLE_MODULES = YES;
				CLANG_ENABLE_OBJC_ARC = YES;
				CLANG_WARN_BOOL_CONVERSION = YES;
				CLANG_WARN_CONSTANT_CONVERSION = YES;
				CLANG_WARN_DIRECT_OBJC_ISA_USAGE = YES_ERROR;
				CLANG_WARN_DOCUMENTATION_COMMENTS = YES;
				CLANG_WARN_EMPTY_BODY = YES;
				CLANG_WARN_ENUM_CONVERSION = YES;
				CLANG_WARN_INFINITE_RECURSION = YES;
				CLANG_WARN_INT_CONVERSION = YES;
				CLANG_WARN_OBJC_ROOT_CLASS = YES_ERROR;
				CLANG_WARN_SUSPICIOUS_MOVE = YES;
				CLANG_WARN_UNREACHABLE_CODE = YES;
				CLANG_WARN__DUPLICATE_METHOD_MATCH = YES;
				CODE_SIGN_IDENTITY = "-";
				COPY_PHASE_STRIP = NO;
				DEBUG_INFORMATION_FORMAT = "dwarf-with-dsym";
				ENABLE_NS_ASSERTIONS = NO;
				ENABLE_STRICT_OBJC_MSGSEND = YES;
				GCC_C_LANGUAGE_STANDARD = gnu99;
				GCC_NO_COMMON_BLOCKS = YES;
				GCC_WARN_64_TO_32_BIT_CONVERSION = YES;
				GCC_WARN_ABOUT_RETURN_TYPE = YES_ERROR;
				GCC_WARN_UNDECLARED_SELECTOR = YES;
				GCC_WARN_UNINITIALIZED_AUTOS = YES_AGGRESSIVE;
				GCC_WARN_UNUSED_FUNCTION = YES;
				GCC_WARN_UNUSED_VARIABLE = YES;
				MACOSX_DEPLOYMENT_TARGET = 10.12;
				MTL_ENABLE_DEBUG_INFO = NO;
				SDKROOT = macosx;
			};
			name = Release;
		};
		6EB447231E694D3D0069336F /* Debug */ = {
			isa = XCBuildConfiguration;
			baseConfigurationReference = 2530364B8174CAAAC92EDB74 /* Pods-Server.debug.xcconfig */;
			buildSettings = {
				ASSETCATALOG_COMPILER_APPICON_NAME = AppIcon;
				COMBINE_HIDPI_IMAGES = YES;
				DEVELOPMENT_TEAM = 959Q9RL588;
				INFOPLIST_FILE = Server/Info.plist;
				LD_RUNPATH_SEARCH_PATHS = "$(inherited) @executable_path/../Frameworks";
				MACOSX_DEPLOYMENT_TARGET = 10.10;
				PRODUCT_BUNDLE_IDENTIFIER = com.cezr.Server;
				PRODUCT_NAME = "$(TARGET_NAME)";
			};
			name = Debug;
		};
		6EB447241E694D3D0069336F /* Release */ = {
			isa = XCBuildConfiguration;
			baseConfigurationReference = E08F7D975FF35B4079A56271 /* Pods-Server.release.xcconfig */;
			buildSettings = {
				ASSETCATALOG_COMPILER_APPICON_NAME = AppIcon;
				COMBINE_HIDPI_IMAGES = YES;
				DEVELOPMENT_TEAM = 959Q9RL588;
				INFOPLIST_FILE = Server/Info.plist;
				LD_RUNPATH_SEARCH_PATHS = "$(inherited) @executable_path/../Frameworks";
				MACOSX_DEPLOYMENT_TARGET = 10.10;
				PRODUCT_BUNDLE_IDENTIFIER = com.cezr.Server;
				PRODUCT_NAME = "$(TARGET_NAME)";
			};
			name = Release;
		};
/* End XCBuildConfiguration section */

/* Begin XCConfigurationList section */
		6EB447091E694D3D0069336F /* Build configuration list for PBXProject "Server" */ = {
			isa = XCConfigurationList;
			buildConfigurations = (
				6EB447201E694D3D0069336F /* Debug */,
				6EB447211E694D3D0069336F /* Release */,
			);
			defaultConfigurationIsVisible = 0;
			defaultConfigurationName = Release;
		};
		6EB447221E694D3D0069336F /* Build configuration list for PBXNativeTarget "Server" */ = {
			isa = XCConfigurationList;
			buildConfigurations = (
				6EB447231E694D3D0069336F /* Debug */,
				6EB447241E694D3D0069336F /* Release */,
			);
			defaultConfigurationIsVisible = 0;
			defaultConfigurationName = Release;
		};
/* End XCConfigurationList section */
	};
	rootObject = 6EB447061E694D3D0069336F /* Project object */;
}
